{
  "name": "complex-images",
  "version": "1.0.0",
  "lockfileVersion": 1,
  "requires": true,
  "dependencies": {
    "@klickinc/klick-component-accordion-accessible": {
      "version": "1.3.2",
      "resolved": "https://npm.pkg.github.com/download/@klickinc/klick-component-accordion-accessible/1.3.2/7d14f85fb56d5ac3c060e01664054d41f3883e1410a5888c9dc345ed46049636",
      "integrity": "sha512-3hDKB7KMUiegSgxvLtfES3zgF8X3UPX3wZn6uFfN+Oa6jtFjKK6jmzqu8EQdqZ6L2g8jCMtk6LlhRTS2odXTcA==",
      "requires": {
        "@klickinc/klick-component-shared": "^1.2.3"
      }
    },
    "@klickinc/klick-component-shared": {
      "version": "1.2.3",
      "resolved": "https://npm.pkg.github.com/download/@klickinc/klick-component-shared/1.2.3/544552bc87542c25a5b4844cda90082fd869f7b8e8a8a73a5f71189d74787779",
      "integrity": "sha512-HrB4+dKCvi3j4En0cY9ehNvj8dXdkS4AFoz+IeTishscKw3uJzqd5paxVoLCILd8FVzYJ8Msdocmhjs8qNcWog=="
    }
  }
}
